{
  "name": "Akka-main",
  "lockfileVersion": 3,
  "requires": true,
  "packages": {
    "": {
      "dependencies": {
        "chart.js": "^4.4.0",
        "react-chartjs-2": "^4.3.1"
      }
    },
    "node_modules/@kurkle/color": {
      "version": "0.3.4",
      "resolved": "https://registry.npmjs.org/@kurkle/color/-/color-0.3.4.tgz",
      "integrity": "sha512-M5UknZPHRu3DEDWoipU6sE8PdkZ6Z/S+v4dD+Ke8IaNlpdSQah50lz1KtcFBa2vsdOnwbbnxJwVM4wty6udA5w==",
      "license": "MIT"
    },
    "node_modules/chart.js": {
      "version": "4.4.0",
      "resolved": "https://registry.npmjs.org/chart.js/-/chart.js-4.4.0.tgz",
      "integrity": "sha512-vQEj6d+z0dcsKLlQvbKIMYFHd3t8W/7L2vfJIbYcfyPcRx92CsHqECpueN8qVGNlKyDcr5wBrYAYKnfu/9Q1hQ==",
      "license": "MIT",
      "dependencies": {
        "@kurkle/color": "^0.3.0"
      },
      "engines": {
        "pnpm": ">=7"
      }
    },
    "node_modules/react-chartjs-2": {
      "version": "4.3.1",
      "resolved": "https://registry.npmjs.org/react-chartjs-2/-/react-chartjs-2-4.3.1.tgz",
      "integrity": "sha512-5i3mjP6tU7QSn0jvb8I4hudTzHJqS8l00ORJnVwI2sYu0ihpj83Lv2YzfxunfxTZkscKvZu2F2w9LkwNBhj6xA==",
      "license": "MIT",
      "peerDependencies": {
        "chart.js": "^3.5.0",
        "react": "^16.8.0 || ^17.0.0 || ^18.0.0"
      }
    }
  }
}
